// !$*UTF8*$!
{
	archiveVersion = 1;
	classes = {
	};
	objectVersion = 50;
	objects = {

/* Begin PBXBuildFile section */
		B92EF65B25E5A13800E91BA4 /* DetailView.swift in Sources */ = {isa = PBXBuildFile; fileRef = B92EF65A25E5A13800E91BA4 /* DetailView.swift */; };
		B9DE2F1325E58EE5009CDD15 /* BookwormApp.swift in Sources */ = {isa = PBXBuildFile; fileRef = B9DE2F1225E58EE5009CDD15 /* BookwormApp.swift */; };
		B9DE2F1525E58EE5009CDD15 /* ContentView.swift in Sources */ = {isa = PBXBuildFile; fileRef = B9DE2F1425E58EE5009CDD15 /* ContentView.swift */; };
		B9DE2F1725E58EE6009CDD15 /* Assets.xcassets in Resources */ = {isa = PBXBuildFile; fileRef = B9DE2F1625E58EE6009CDD15 /* Assets.xcassets */; };
		B9DE2F1A25E58EE6009CDD15 /* Preview Assets.xcassets in Resources */ = {isa = PBXBuildFile; fileRef = B9DE2F1925E58EE6009CDD15 /* Preview Assets.xcassets */; };
		B9DE2F1C25E58EE6009CDD15 /* Persistence.swift in Sources */ = {isa = PBXBuildFile; fileRef = B9DE2F1B25E58EE6009CDD15 /* Persistence.swift */; };
		B9DE2F1F25E58EE6009CDD15 /* Bookworm.xcdatamodeld in Sources */ = {isa = PBXBuildFile; fileRef = B9DE2F1D25E58EE6009CDD15 /* Bookworm.xcdatamodeld */; };
		B9DE2F2A25E58EE6009CDD15 /* BookwormTests.swift in Sources */ = {isa = PBXBuildFile; fileRef = B9DE2F2925E58EE6009CDD15 /* BookwormTests.swift */; };
		B9DE2F3525E58EE6009CDD15 /* BookwormUITests.swift in Sources */ = {isa = PBXBuildFile; fileRef = B9DE2F3425E58EE6009CDD15 /* BookwormUITests.swift */; };
		B9DE2F4625E596C0009CDD15 /* AddBookView.swift in Sources */ = {isa = PBXBuildFile; fileRef = B9DE2F4525E596C0009CDD15 /* AddBookView.swift */; };
		B9DE2F4B25E59828009CDD15 /* RatingView.swift in Sources */ = {isa = PBXBuildFile; fileRef = B9DE2F4A25E59828009CDD15 /* RatingView.swift */; };
		B9DE2F5025E59AE2009CDD15 /* EmojiRatingView.swift in Sources */ = {isa = PBXBuildFile; fileRef = B9DE2F4F25E59AE2009CDD15 /* EmojiRatingView.swift */; };
/* End PBXBuildFile section */

/* Begin PBXContainerItemProxy section */
		B9DE2F2625E58EE6009CDD15 /* PBXContainerItemProxy */ = {
			isa = PBXContainerItemProxy;
			containerPortal = B9DE2F0725E58EE5009CDD15 /* Project object */;
			proxyType = 1;
			remoteGlobalIDString = B9DE2F0E25E58EE5009CDD15;
			remoteInfo = Bookworm;
		};
		B9DE2F3125E58EE6009CDD15 /* PBXContainerItemProxy */ = {
			isa = PBXContainerItemProxy;
			containerPortal = B9DE2F0725E58EE5009CDD15 /* Project object */;
			proxyType = 1;
			remoteGlobalIDString = B9DE2F0E25E58EE5009CDD15;
			remoteInfo = Bookworm;
		};
/* End PBXContainerItemProxy section */

/* Begin PBXFileReference section */
		B92EF65A25E5A13800E91BA4 /* DetailView.swift */ = {isa = PBXFileReference; lastKnownFileType = sourcecode.swift; path = DetailView.swift; sourceTree = "<group>"; };
		B9DE2F0F25E58EE5009CDD15 /* Bookworm.app */ = {isa = PBXFileReference; explicitFileType = wrapper.application; includeInIndex = 0; path = Bookworm.app; sourceTree = BUILT_PRODUCTS_DIR; };
		B9DE2F1225E58EE5009CDD15 /* BookwormApp.swift */ = {isa = PBXFileReference; lastKnownFileType = sourcecode.swift; path = BookwormApp.swift; sourceTree = "<group>"; };
		B9DE2F1425E58EE5009CDD15 /* ContentView.swift */ = {isa = PBXFileReference; lastKnownFileType = sourcecode.swift; path = ContentView.swift; sourceTree = "<group>"; };
		B9DE2F1625E58EE6009CDD15 /* Assets.xcassets */ = {isa = PBXFileReference; lastKnownFileType = folder.assetcatalog; path = Assets.xcassets; sourceTree = "<group>"; };
		B9DE2F1925E58EE6009CDD15 /* Preview Assets.xcassets */ = {isa = PBXFileReference; lastKnownFileType = folder.assetcatalog; path = "Preview Assets.xcassets"; sourceTree = "<group>"; };
		B9DE2F1B25E58EE6009CDD15 /* Persistence.swift */ = {isa = PBXFileReference; lastKnownFileType = sourcecode.swift; path = Persistence.swift; sourceTree = "<group>"; };
		B9DE2F1E25E58EE6009CDD15 /* Bookworm.xcdatamodel */ = {isa = PBXFileReference; lastKnownFileType = wrapper.xcdatamodel; path = Bookworm.xcdatamodel; sourceTree = "<group>"; };
		B9DE2F2025E58EE6009CDD15 /* Info.plist */ = {isa = PBXFileReference; lastKnownFileType = text.plist.xml; path = Info.plist; sourceTree = "<group>"; };
		B9DE2F2525E58EE6009CDD15 /* BookwormTests.xctest */ = {isa = PBXFileReference; explicitFileType = wrapper.cfbundle; includeInIndex = 0; path = BookwormTests.xctest; sourceTree = BUILT_PRODUCTS_DIR; };
		B9DE2F2925E58EE6009CDD15 /* BookwormTests.swift */ = {isa = PBXFileReference; lastKnownFileType = sourcecode.swift; path = BookwormTests.swift; sourceTree = "<group>"; };
		B9DE2F2B25E58EE6009CDD15 /* Info.plist */ = {isa = PBXFileReference; lastKnownFileType = text.plist.xml; path = Info.plist; sourceTree = "<group>"; };
		B9DE2F3025E58EE6009CDD15 /* BookwormUITests.xctest */ = {isa = PBXFileReference; explicitFileType = wrapper.cfbundle; includeInIndex = 0; path = BookwormUITests.xctest; sourceTree = BUILT_PRODUCTS_DIR; };
		B9DE2F3425E58EE6009CDD15 /* BookwormUITests.swift */ = {isa = PBXFileReference; lastKnownFileType = sourcecode.swift; path = BookwormUITests.swift; sourceTree = "<group>"; };
		B9DE2F3625E58EE6009CDD15 /* Info.plist */ = {isa = PBXFileReference; lastKnownFileType = text.plist.xml; path = Info.plist; sourceTree = "<group>"; };
		B9DE2F4525E596C0009CDD15 /* AddBookView.swift */ = {isa = PBXFileReference; lastKnownFileType = sourcecode.swift; path = AddBookView.swift; sourceTree = "<group>"; };
		B9DE2F4A25E59828009CDD15 /* RatingView.swift */ = {isa = PBXFileReference; lastKnownFileType = sourcecode.swift; path = RatingView.swift; sourceTree = "<group>"; };
		B9DE2F4F25E59AE2009CDD15 /* EmojiRatingView.swift */ = {isa = PBXFileReference; lastKnownFileType = sourcecode.swift; path = EmojiRatingView.swift; sourceTree = "<group>"; };
/* End PBXFileReference section */

/* Begin PBXFrameworksBuildPhase section */
		B9DE2F0C25E58EE5009CDD15 /* Frameworks */ = {
			isa = PBXFrameworksBuildPhase;
			buildActionMask = 2147483647;
			files = (
			);
			runOnlyForDeploymentPostprocessing = 0;
		};
		B9DE2F2225E58EE6009CDD15 /* Frameworks */ = {
			isa = PBXFrameworksBuildPhase;
			buildActionMask = 2147483647;
			files = (
			);
			runOnlyForDeploymentPostprocessing = 0;
		};
		B9DE2F2D25E58EE6009CDD15 /* Frameworks */ = {
			isa = PBXFrameworksBuildPhase;
			buildActionMask = 2147483647;
			files = (
			);
			runOnlyForDeploymentPostprocessing = 0;
		};
/* End PBXFrameworksBuildPhase section */

/* Begin PBXGroup section */
		B9DE2F0625E58EE5009CDD15 = {
			isa = PBXGroup;
			children = (
				B9DE2F1125E58EE5009CDD15 /* Bookworm */,
				B9DE2F2825E58EE6009CDD15 /* BookwormTests */,
				B9DE2F3325E58EE6009CDD15 /* BookwormUITests */,
				B9DE2F1025E58EE5009CDD15 /* Products */,
			);
			sourceTree = "<group>";
		};
		B9DE2F1025E58EE5009CDD15 /* Products */ = {
			isa = PBXGroup;
			children = (
				B9DE2F0F25E58EE5009CDD15 /* Bookworm.app */,
				B9DE2F2525E58EE6009CDD15 /* BookwormTests.xctest */,
				B9DE2F3025E58EE6009CDD15 /* BookwormUITests.xctest */,
			);
			name = Products;
			sourceTree = "<group>";
		};
		B9DE2F1125E58EE5009CDD15 /* Bookworm */ = {
			isa = PBXGroup;
			children = (
				B9DE2F1225E58EE5009CDD15 /* BookwormApp.swift */,
				B9DE2F1425E58EE5009CDD15 /* ContentView.swift */,
				B92EF65A25E5A13800E91BA4 /* DetailView.swift */,
				B9DE2F4525E596C0009CDD15 /* AddBookView.swift */,
				B9DE2F4F25E59AE2009CDD15 /* EmojiRatingView.swift */,
				B9DE2F4A25E59828009CDD15 /* RatingView.swift */,
				B9DE2F1625E58EE6009CDD15 /* Assets.xcassets */,
				B9DE2F1B25E58EE6009CDD15 /* Persistence.swift */,
				B9DE2F2025E58EE6009CDD15 /* Info.plist */,
				B9DE2F1D25E58EE6009CDD15 /* Bookworm.xcdatamodeld */,
				B9DE2F1825E58EE6009CDD15 /* Preview Content */,
			);
			path = Bookworm;
			sourceTree = "<group>";
		};
		B9DE2F1825E58EE6009CDD15 /* Preview Content */ = {
			isa = PBXGroup;
			children = (
				B9DE2F1925E58EE6009CDD15 /* Preview Assets.xcassets */,
			);
			path = "Preview Content";
			sourceTree = "<group>";
		};
		B9DE2F2825E58EE6009CDD15 /* BookwormTests */ = {
			isa = PBXGroup;
			children = (
				B9DE2F2925E58EE6009CDD15 /* BookwormTests.swift */,
				B9DE2F2B25E58EE6009CDD15 /* Info.plist */,
			);
			path = BookwormTests;
			sourceTree = "<group>";
		};
		B9DE2F3325E58EE6009CDD15 /* BookwormUITests */ = {
			isa = PBXGroup;
			children = (
				B9DE2F3425E58EE6009CDD15 /* BookwormUITests.swift */,
				B9DE2F3625E58EE6009CDD15 /* Info.plist */,
			);
			path = BookwormUITests;
			sourceTree = "<group>";
		};
/* End PBXGroup section */

/* Begin PBXNativeTarget section */
		B9DE2F0E25E58EE5009CDD15 /* Bookworm */ = {
			isa = PBXNativeTarget;
			buildConfigurationList = B9DE2F3925E58EE6009CDD15 /* Build configuration list for PBXNativeTarget "Bookworm" */;
			buildPhases = (
				B9DE2F0B25E58EE5009CDD15 /* Sources */,
				B9DE2F0C25E58EE5009CDD15 /* Frameworks */,
				B9DE2F0D25E58EE5009CDD15 /* Resources */,
			);
			buildRules = (
			);
			dependencies = (
			);
			name = Bookworm;
			productName = Bookworm;
			productReference = B9DE2F0F25E58EE5009CDD15 /* Bookworm.app */;
			productType = "com.apple.product-type.application";
		};
		B9DE2F2425E58EE6009CDD15 /* BookwormTests */ = {
			isa = PBXNativeTarget;
			buildConfigurationList = B9DE2F3C25E58EE6009CDD15 /* Build configuration list for PBXNativeTarget "BookwormTests" */;
			buildPhases = (
				B9DE2F2125E58EE6009CDD15 /* Sources */,
				B9DE2F2225E58EE6009CDD15 /* Frameworks */,
				B9DE2F2325E58EE6009CDD15 /* Resources */,
			);
			buildRules = (
			);
			dependencies = (
				B9DE2F2725E58EE6009CDD15 /* PBXTargetDependency */,
			);
			name = BookwormTests;
			productName = BookwormTests;
			productReference = B9DE2F2525E58EE6009CDD15 /* BookwormTests.xctest */;
			productType = "com.apple.product-type.bundle.unit-test";
		};
		B9DE2F2F25E58EE6009CDD15 /* BookwormUITests */ = {
			isa = PBXNativeTarget;
			buildConfigurationList = B9DE2F3F25E58EE6009CDD15 /* Build configuration list for PBXNativeTarget "BookwormUITests" */;
			buildPhases = (
				B9DE2F2C25E58EE6009CDD15 /* Sources */,
				B9DE2F2D25E58EE6009CDD15 /* Frameworks */,
				B9DE2F2E25E58EE6009CDD15 /* Resources */,
			);
			buildRules = (
			);
			dependencies = (
				B9DE2F3225E58EE6009CDD15 /* PBXTargetDependency */,
			);
			name = BookwormUITests;
			productName = BookwormUITests;
			productReference = B9DE2F3025E58EE6009CDD15 /* BookwormUITests.xctest */;
			productType = "com.apple.product-type.bundle.ui-testing";
		};
/* End PBXNativeTarget section */

/* Begin PBXProject section */
		B9DE2F0725E58EE5009CDD15 /* Project object */ = {
			isa = PBXProject;
			attributes = {
				LastSwiftUpdateCheck = 1240;
				LastUpgradeCheck = 1240;
				TargetAttributes = {
					B9DE2F0E25E58EE5009CDD15 = {
						CreatedOnToolsVersion = 12.4;
					};
					B9DE2F2425E58EE6009CDD15 = {
						CreatedOnToolsVersion = 12.4;
						TestTargetID = B9DE2F0E25E58EE5009CDD15;
					};
					B9DE2F2F25E58EE6009CDD15 = {
						CreatedOnToolsVersion = 12.4;
						TestTargetID = B9DE2F0E25E58EE5009CDD15;
					};
				};
			};
			buildConfigurationList = B9DE2F0A25E58EE5009CDD15 /* Build configuration list for PBXProject "Bookworm" */;
			compatibilityVersion = "Xcode 9.3";
			developmentRegion = en;
			hasScannedForEncodings = 0;
			knownRegions = (
				en,
				Base,
			);
			mainGroup = B9DE2F0625E58EE5009CDD15;
			productRefGroup = B9DE2F1025E58EE5009CDD15 /* Products */;
			projectDirPath = "";
			projectRoot = "";
			targets = (
				B9DE2F0E25E58EE5009CDD15 /* Bookworm */,
				B9DE2F2425E58EE6009CDD15 /* BookwormTests */,
				B9DE2F2F25E58EE6009CDD15 /* BookwormUITests */,
			);
		};
/* End PBXProject section */

/* Begin PBXResourcesBuildPhase section */
		B9DE2F0D25E58EE5009CDD15 /* Resources */ = {
			isa = PBXResourcesBuildPhase;
			buildActionMask = 2147483647;
			files = (
				B9DE2F1A25E58EE6009CDD15 /* Preview Assets.xcassets in Resources */,
				B9DE2F1725E58EE6009CDD15 /* Assets.xcassets in Resources */,
			);
			runOnlyForDeploymentPostprocessing = 0;
		};
		B9DE2F2325E58EE6009CDD15 /* Resources */ = {
			isa = PBXResourcesBuildPhase;
			buildActionMask = 2147483647;
			files = (
			);
			runOnlyForDeploymentPostprocessing = 0;
		};
		B9DE2F2E25E58EE6009CDD15 /* Resources */ = {
			isa = PBXResourcesBuildPhase;
			buildActionMask = 2147483647;
			files = (
			);
			runOnlyForDeploymentPostprocessing = 0;
		};
/* End PBXResourcesBuildPhase section */

/* Begin PBXSourcesBuildPhase section */
		B9DE2F0B25E58EE5009CDD15 /* Sources */ = {
			isa = PBXSourcesBuildPhase;
			buildActionMask = 2147483647;
			files = (
				B9DE2F1C25E58EE6009CDD15 /* Persistence.swift in Sources */,
				B92EF65B25E5A13800E91BA4 /* DetailView.swift in Sources */,
				B9DE2F1F25E58EE6009CDD15 /* Bookworm.xcdatamodeld in Sources */,
				B9DE2F5025E59AE2009CDD15 /* EmojiRatingView.swift in Sources */,
				B9DE2F1525E58EE5009CDD15 /* ContentView.swift in Sources */,
				B9DE2F4B25E59828009CDD15 /* RatingView.swift in Sources */,
				B9DE2F1325E58EE5009CDD15 /* BookwormApp.swift in Sources */,
				B9DE2F4625E596C0009CDD15 /* AddBookView.swift in Sources */,
			);
			runOnlyForDeploymentPostprocessing = 0;
		};
		B9DE2F2125E58EE6009CDD15 /* Sources */ = {
			isa = PBXSourcesBuildPhase;
			buildActionMask = 2147483647;
			files = (
				B9DE2F2A25E58EE6009CDD15 /* BookwormTests.swift in Sources */,
			);
			runOnlyForDeploymentPostprocessing = 0;
		};
		B9DE2F2C25E58EE6009CDD15 /* Sources */ = {
			isa = PBXSourcesBuildPhase;
			buildActionMask = 2147483647;
			files = (
				B9DE2F3525E58EE6009CDD15 /* BookwormUITests.swift in Sources */,
			);
			runOnlyForDeploymentPostprocessing = 0;
		};
/* End PBXSourcesBuildPhase section */

/* Begin PBXTargetDependency section */
		B9DE2F2725E58EE6009CDD15 /* PBXTargetDependency */ = {
			isa = PBXTargetDependency;
			target = B9DE2F0E25E58EE5009CDD15 /* Bookworm */;
			targetProxy = B9DE2F2625E58EE6009CDD15 /* PBXContainerItemProxy */;
		};
		B9DE2F3225E58EE6009CDD15 /* PBXTargetDependency */ = {
			isa = PBXTargetDependency;
			target = B9DE2F0E25E58EE5009CDD15 /* Bookworm */;
			targetProxy = B9DE2F3125E58EE6009CDD15 /* PBXContainerItemProxy */;
		};
/* End PBXTargetDependency section */

/* Begin XCBuildConfiguration section */
		B9DE2F3725E58EE6009CDD15 /* Debug */ = {
			isa = XCBuildConfiguration;
			buildSettings = {
				ALWAYS_SEARCH_USER_PATHS = NO;
				CLANG_ANALYZER_NONNULL = YES;
				CLANG_ANALYZER_NUMBER_OBJECT_CONVERSION = YES_AGGRESSIVE;
				CLANG_CXX_LANGUAGE_STANDARD = "gnu++14";
				CLANG_CXX_LIBRARY = "libc++";
				CLANG_ENABLE_MODULES = YES;
				CLANG_ENABLE_OBJC_ARC = YES;
				CLANG_ENABLE_OBJC_WEAK = YES;
				CLANG_WARN_BLOCK_CAPTURE_AUTORELEASING = YES;
				CLANG_WARN_BOOL_CONVERSION = YES;
				CLANG_WARN_COMMA = YES;
				CLANG_WARN_CONSTANT_CONVERSION = YES;
				CLANG_WARN_DEPRECATED_OBJC_IMPLEMENTATIONS = YES;
				CLANG_WARN_DIRECT_OBJC_ISA_USAGE = YES_ERROR;
				CLANG_WARN_DOCUMENTATION_COMMENTS = YES;
				CLANG_WARN_EMPTY_BODY = YES;
				CLANG_WARN_ENUM_CONVERSION = YES;
				CLANG_WARN_INFINITE_RECURSION = YES;
				CLANG_WARN_INT_CONVERSION = YES;
				CLANG_WARN_NON_LITERAL_NULL_CONVERSION = YES;
				CLANG_WARN_OBJC_IMPLICIT_RETAIN_SELF = YES;
				CLANG_WARN_OBJC_LITERAL_CONVERSION = YES;
				CLANG_WARN_OBJC_ROOT_CLASS = YES_ERROR;
				CLANG_WARN_QUOTED_INCLUDE_IN_FRAMEWORK_HEADER = YES;
				CLANG_WARN_RANGE_LOOP_ANALYSIS = YES;
				CLANG_WARN_STRICT_PROTOTYPES = YES;
				CLANG_WARN_SUSPICIOUS_MOVE = YES;
				CLANG_WARN_UNGUARDED_AVAILABILITY = YES_AGGRESSIVE;
				CLANG_WARN_UNREACHABLE_CODE = YES;
				CLANG_WARN__DUPLICATE_METHOD_MATCH = YES;
				COPY_PHASE_STRIP = NO;
				DEBUG_INFORMATION_FORMAT = dwarf;
				ENABLE_STRICT_OBJC_MSGSEND = YES;
				ENABLE_TESTABILITY = YES;
				GCC_C_LANGUAGE_STANDARD = gnu11;
				GCC_DYNAMIC_NO_PIC = NO;
				GCC_NO_COMMON_BLOCKS = YES;
				GCC_OPTIMIZATION_LEVEL = 0;
				GCC_PREPROCESSOR_DEFINITIONS = (
					"DEBUG=1",
					"$(inherited)",
				);
				GCC_WARN_64_TO_32_BIT_CONVERSION = YES;
				GCC_WARN_ABOUT_RETURN_TYPE = YES_ERROR;
				GCC_WARN_UNDECLARED_SELECTOR = YES;
				GCC_WARN_UNINITIALIZED_AUTOS = YES_AGGRESSIVE;
				GCC_WARN_UNUSED_FUNCTION = YES;
				GCC_WARN_UNUSED_VARIABLE = YES;
				IPHONEOS_DEPLOYMENT_TARGET = 14.4;
				MTL_ENABLE_DEBUG_INFO = INCLUDE_SOURCE;
				MTL_FAST_MATH = YES;
				ONLY_ACTIVE_ARCH = YES;
				SDKROOT = iphoneos;
				SWIFT_ACTIVE_COMPILATION_CONDITIONS = DEBUG;
				SWIFT_OPTIMIZATION_LEVEL = "-Onone";
			};
			name = Debug;
		};
		B9DE2F3825E58EE6009CDD15 /* Release */ = {
			isa = XCBuildConfiguration;
			buildSettings = {
				ALWAYS_SEARCH_USER_PATHS = NO;
				CLANG_ANALYZER_NONNULL = YES;
				CLANG_ANALYZER_NUMBER_OBJECT_CONVERSION = YES_AGGRESSIVE;
				CLANG_CXX_LANGUAGE_STANDARD = "gnu++14";
				CLANG_CXX_LIBRARY = "libc++";
				CLANG_ENABLE_MODULES = YES;
				CLANG_ENABLE_OBJC_ARC = YES;
				CLANG_ENABLE_OBJC_WEAK = YES;
				CLANG_WARN_BLOCK_CAPTURE_AUTORELEASING = YES;
				CLANG_WARN_BOOL_CONVERSION = YES;
				CLANG_WARN_COMMA = YES;
				CLANG_WARN_CONSTANT_CONVERSION = YES;
				CLANG_WARN_DEPRECATED_OBJC_IMPLEMENTATIONS = YES;
				CLANG_WARN_DIRECT_OBJC_ISA_USAGE = YES_ERROR;
				CLANG_WARN_DOCUMENTATION_COMMENTS = YES;
				CLANG_WARN_EMPTY_BODY = YES;
				CLANG_WARN_ENUM_CONVERSION = YES;
				CLANG_WARN_INFINITE_RECURSION = YES;
				CLANG_WARN_INT_CONVERSION = YES;
				CLANG_WARN_NON_LITERAL_NULL_CONVERSION = YES;
				CLANG_WARN_OBJC_IMPLICIT_RETAIN_SELF = YES;
				CLANG_WARN_OBJC_LITERAL_CONVERSION = YES;
				CLANG_WARN_OBJC_ROOT_CLASS = YES_ERROR;
				CLANG_WARN_QUOTED_INCLUDE_IN_FRAMEWORK_HEADER = YES;
				CLANG_WARN_RANGE_LOOP_ANALYSIS = YES;
				CLANG_WARN_STRICT_PROTOTYPES = YES;
				CLANG_WARN_SUSPICIOUS_MOVE = YES;
				CLANG_WARN_UNGUARDED_AVAILABILITY = YES_AGGRESSIVE;
				CLANG_WARN_UNREACHABLE_CODE = YES;
				CLANG_WARN__DUPLICATE_METHOD_MATCH = YES;
				COPY_PHASE_STRIP = NO;
				DEBUG_INFORMATION_FORMAT = "dwarf-with-dsym";
				ENABLE_NS_ASSERTIONS = NO;
				ENABLE_STRICT_OBJC_MSGSEND = YES;
				GCC_C_LANGUAGE_STANDARD = gnu11;
				GCC_NO_COMMON_BLOCKS = YES;
				GCC_WARN_64_TO_32_BIT_CONVERSION = YES;
				GCC_WARN_ABOUT_RETURN_TYPE = YES_ERROR;
				GCC_WARN_UNDECLARED_SELECTOR = YES;
				GCC_WARN_UNINITIALIZED_AUTOS = YES_AGGRESSIVE;
				GCC_WARN_UNUSED_FUNCTION = YES;
				GCC_WARN_UNUSED_VARIABLE = YES;
				IPHONEOS_DEPLOYMENT_TARGET = 14.4;
				MTL_ENABLE_DEBUG_INFO = NO;
				MTL_FAST_MATH = YES;
				SDKROOT = iphoneos;
				SWIFT_COMPILATION_MODE = wholemodule;
				SWIFT_OPTIMIZATION_LEVEL = "-O";
				VALIDATE_PRODUCT = YES;
			};
			name = Release;
		};
		B9DE2F3A25E58EE6009CDD15 /* Debug */ = {
			isa = XCBuildConfiguration;
			buildSettings = {
				ASSETCATALOG_COMPILER_APPICON_NAME = AppIcon;
				ASSETCATALOG_COMPILER_GLOBAL_ACCENT_COLOR_NAME = AccentColor;
				CODE_SIGN_STYLE = Automatic;
				DEVELOPMENT_ASSET_PATHS = "\"Bookworm/Preview Content\"";
				DEVELOPMENT_TEAM = MG77MU456K;
				ENABLE_PREVIEWS = YES;
				INFOPLIST_FILE = Bookworm/Info.plist;
				IPHONEOS_DEPLOYMENT_TARGET = 14.0;
				LD_RUNPATH_SEARCH_PATHS = (
					"$(inherited)",
					"@executable_path/Frameworks",
				);
				PRODUCT_BUNDLE_IDENTIFIER = com.example.testPackage.Bookworm;
				PRODUCT_NAME = "$(TARGET_NAME)";
				SWIFT_VERSION = 5.0;
				TARGETED_DEVICE_FAMILY = "1,2";
			};
			name = Debug;
		};
		B9DE2F3B25E58EE6009CDD15 /* Release */ = {
			isa = XCBuildConfiguration;
			buildSettings = {
				ASSETCATALOG_COMPILER_APPICON_NAME = AppIcon;
				ASSETCATALOG_COMPILER_GLOBAL_ACCENT_COLOR_NAME = AccentColor;
				CODE_SIGN_STYLE = Automatic;
				DEVELOPMENT_ASSET_PATHS = "\"Bookworm/Preview Content\"";
				DEVELOPMENT_TEAM = MG77MU456K;
				ENABLE_PREVIEWS = YES;
				INFOPLIST_FILE = Bookworm/Info.plist;
				IPHONEOS_DEPLOYMENT_TARGET = 14.0;
				LD_RUNPATH_SEARCH_PATHS = (
					"$(inherited)",
					"@executable_path/Frameworks",
				);
				PRODUCT_BUNDLE_IDENTIFIER = com.example.testPackage.Bookworm;
				PRODUCT_NAME = "$(TARGET_NAME)";
				SWIFT_VERSION = 5.0;
				TARGETED_DEVICE_FAMILY = "1,2";
			};
			name = Release;
		};
		B9DE2F3D25E58EE6009CDD15 /* Debug */ = {
			isa = XCBuildConfiguration;
			buildSettings = {
				ALWAYS_EMBED_SWIFT_STANDARD_LIBRARIES = YES;
				BUNDLE_LOADER = "$(TEST_HOST)";
				CODE_SIGN_STYLE = Automatic;
				DEVELOPMENT_TEAM = MG77MU456K;
				INFOPLIST_FILE = BookwormTests/Info.plist;
				IPHONEOS_DEPLOYMENT_TARGET = 14.0;
				LD_RUNPATH_SEARCH_PATHS = (
					"$(inherited)",
					"@executable_path/Frameworks",
					"@loader_path/Frameworks",
				);
				PRODUCT_BUNDLE_IDENTIFIER = com.example.testPackage.BookwormTests;
				PRODUCT_NAME = "$(TARGET_NAME)";
				SWIFT_VERSION = 5.0;
				TARGETED_DEVICE_FAMILY = "1,2";
				TEST_HOST = "$(BUILT_PRODUCTS_DIR)/Bookworm.app/Bookworm";
			};
			name = Debug;
		};
		B9DE2F3E25E58EE6009CDD15 /* Release */ = {
			isa = XCBuildConfiguration;
			buildSettings = {
				ALWAYS_EMBED_SWIFT_STANDARD_LIBRARIES = YES;
				BUNDLE_LOADER = "$(TEST_HOST)";
				CODE_SIGN_STYLE = Automatic;
				DEVELOPMENT_TEAM = MG77MU456K;
				INFOPLIST_FILE = BookwormTests/Info.plist;
				IPHONEOS_DEPLOYMENT_TARGET = 14.0;
				LD_RUNPATH_SEARCH_PATHS = (
					"$(inherited)",
					"@executable_path/Frameworks",
					"@loader_path/Frameworks",
				);
				PRODUCT_BUNDLE_IDENTIFIER = com.example.testPackage.BookwormTests;
				PRODUCT_NAME = "$(TARGET_NAME)";
				SWIFT_VERSION = 5.0;
				TARGETED_DEVICE_FAMILY = "1,2";
				TEST_HOST = "$(BUILT_PRODUCTS_DIR)/Bookworm.app/Bookworm";
			};
			name = Release;
		};
		B9DE2F4025E58EE6009CDD15 /* Debug */ = {
			isa = XCBuildConfiguration;
			buildSettings = {
				ALWAYS_EMBED_SWIFT_STANDARD_LIBRARIES = YES;
				CODE_SIGN_STYLE = Automatic;
				DEVELOPMENT_TEAM = MG77MU456K;
				INFOPLIST_FILE = BookwormUITests/Info.plist;
				LD_RUNPATH_SEARCH_PATHS = (
					"$(inherited)",
					"@executable_path/Frameworks",
					"@loader_path/Frameworks",
				);
				PRODUCT_BUNDLE_IDENTIFIER = com.example.testPackage.BookwormUITests;
				PRODUCT_NAME = "$(TARGET_NAME)";
				SWIFT_VERSION = 5.0;
				TARGETED_DEVICE_FAMILY = "1,2";
				TEST_TARGET_NAME = Bookworm;
			};
			name = Debug;
		};
		B9DE2F4125E58EE6009CDD15 /* Release */ = {
			isa = XCBuildConfiguration;
			buildSettings = {
				ALWAYS_EMBED_SWIFT_STANDARD_LIBRARIES = YES;
				CODE_SIGN_STYLE = Automatic;
				DEVELOPMENT_TEAM = MG77MU456K;
				INFOPLIST_FILE = BookwormUITests/Info.plist;
				LD_RUNPATH_SEARCH_PATHS = (
					"$(inherited)",
					"@executable_path/Frameworks",
					"@loader_path/Frameworks",
				);
				PRODUCT_BUNDLE_IDENTIFIER = com.example.testPackage.BookwormUITests;
				PRODUCT_NAME = "$(TARGET_NAME)";
				SWIFT_VERSION = 5.0;
				TARGETED_DEVICE_FAMILY = "1,2";
				TEST_TARGET_NAME = Bookworm;
			};
			name = Release;
		};
/* End XCBuildConfiguration section */

/* Begin XCConfigurationList section */
		B9DE2F0A25E58EE5009CDD15 /* Build configuration list for PBXProject "Bookworm" */ = {
			isa = XCConfigurationList;
			buildConfigurations = (
				B9DE2F3725E58EE6009CDD15 /* Debug */,
				B9DE2F3825E58EE6009CDD15 /* Release */,
			);
			defaultConfigurationIsVisible = 0;
			defaultConfigurationName = Release;
		};
		B9DE2F3925E58EE6009CDD15 /* Build configuration list for PBXNativeTarget "Bookworm" */ = {
			isa = XCConfigurationList;
			buildConfigurations = (
				B9DE2F3A25E58EE6009CDD15 /* Debug */,
				B9DE2F3B25E58EE6009CDD15 /* Release */,
			);
			defaultConfigurationIsVisible = 0;
			defaultConfigurationName = Release;
		};
		B9DE2F3C25E58EE6009CDD15 /* Build configuration list for PBXNativeTarget "BookwormTests" */ = {
			isa = XCConfigurationList;
			buildConfigurations = (
				B9DE2F3D25E58EE6009CDD15 /* Debug */,
				B9DE2F3E25E58EE6009CDD15 /* Release */,
			);
			defaultConfigurationIsVisible = 0;
			defaultConfigurationName = Release;
		};
		B9DE2F3F25E58EE6009CDD15 /* Build configuration list for PBXNativeTarget "BookwormUITests" */ = {
			isa = XCConfigurationList;
			buildConfigurations = (
				B9DE2F4025E58EE6009CDD15 /* Debug */,
				B9DE2F4125E58EE6009CDD15 /* Release */,
			);
			defaultConfigurationIsVisible = 0;
			defaultConfigurationName = Release;
		};
/* End XCConfigurationList section */

/* Begin XCVersionGroup section */
		B9DE2F1D25E58EE6009CDD15 /* Bookworm.xcdatamodeld */ = {
			isa = XCVersionGroup;
			children = (
				B9DE2F1E25E58EE6009CDD15 /* Bookworm.xcdatamodel */,
			);
			currentVersion = B9DE2F1E25E58EE6009CDD15 /* Bookworm.xcdatamodel */;
			path = Bookworm.xcdatamodeld;
			sourceTree = "<group>";
			versionGroupType = wrapper.xcdatamodel;
		};
/* End XCVersionGroup section */
	};
	rootObject = B9DE2F0725E58EE5009CDD15 /* Project object */;
}
